
Microsoft Visual Studio Solution File, Format Version 12.00
# Visual Studio Version 16
VisualStudioVersion = 16.0.31410.357
MinimumVisualStudioVersion = 10.0.40219.1
Project("{FAE04EC0-301F-11D3-BF4B-00C04F79EFBC}") = "Chocolate Factory Management System", "Chocolate Factory Management System\Chocolate Factory Management System.csproj", "{FC779659-7840-4A7E-A3C5-E01CA51AD910}"
EndProject
Global
	GlobalSection(SolutionConfigurationPlatforms) = preSolution
		Debug|Any CPU = Debug|Any CPU
		Release|Any CPU = Release|Any CPU
	EndGlobalSection
	GlobalSection(ProjectConfigurationPlatforms) = postSolution
		{FC779659-7840-4A7E-A3C5-E01CA51AD910}.Debug|Any CPU.ActiveCfg = Debug|Any CPU
		{FC779659-7840-4A7E-A3C5-E01CA51AD910}.Debug|Any CPU.Build.0 = Debug|Any CPU
		{FC779659-7840-4A7E-A3C5-E01CA51AD910}.Release|Any CPU.ActiveCfg = Release|Any CPU
		{FC779659-7840-4A7E-A3C5-E01CA51AD910}.Release|Any CPU.Build.0 = Release|Any CPU
	EndGlobalSection
	GlobalSection(SolutionProperties) = preSolution
		HideSolutionNode = FALSE
	EndGlobalSection
	GlobalSection(ExtensibilityGlobals) = postSolution
		SolutionGuid = {1BE87AC8-6477-47FC-9DD8-45FBC3B28F01}
	EndGlobalSection
EndGlobal
